
Microsoft Visual Studio Solution File, Format Version 12.00
# Visual Studio Version 16
VisualStudioVersion = 25.0.1704.2
MinimumVisualStudioVersion = 10.0.40219.1
Project("{FAE04EC0-301F-11D3-BF4B-00C04F79EFBC}") = "T2204M_C", "T2204M_C\T2204M_C.csproj", "{3491C361-6C64-438C-85A1-A638E676786A}"
EndProject
Global
	GlobalSection(SolutionConfigurationPlatforms) = preSolution
		Debug|Any CPU = Debug|Any CPU
		Release|Any CPU = Release|Any CPU
	EndGlobalSection
	GlobalSection(ProjectConfigurationPlatforms) = postSolution
		{3491C361-6C64-438C-85A1-A638E676786A}.Debug|Any CPU.ActiveCfg = Debug|Any CPU
		{3491C361-6C64-438C-85A1-A638E676786A}.Debug|Any CPU.Build.0 = Debug|Any CPU
		{3491C361-6C64-438C-85A1-A638E676786A}.Release|Any CPU.ActiveCfg = Release|Any CPU
		{3491C361-6C64-438C-85A1-A638E676786A}.Release|Any CPU.Build.0 = Release|Any CPU
	EndGlobalSection
	GlobalSection(SolutionProperties) = preSolution
		HideSolutionNode = FALSE
	EndGlobalSection
	GlobalSection(ExtensibilityGlobals) = postSolution
		SolutionGuid = {0BF28BAA-B34F-431F-BFD9-4751F367FA03}
	EndGlobalSection
EndGlobal
